
Microsoft Visual Studio Solution File, Format Version 12.00
# Visual Studio Version 16
VisualStudioVersion = 16.0.29519.181
MinimumVisualStudioVersion = 15.0.26124.0
Project("{2150E333-8FDC-42A3-9474-1A3956D46DE8}") = "Solution Items", "Solution Items", "{C29F546A-0697-4FDD-A07A-CF973BBF27DD}"
	ProjectSection(SolutionItems) = preProject
		.editorconfig = .editorconfig
		..\.gitattributes = ..\.gitattributes
		..\.gitignore = ..\.gitignore
		Beaker.CrmSdk.props = Beaker.CrmSdk.props
	EndProjectSection
EndProject
Project("{2150E333-8FDC-42A3-9474-1A3956D46DE8}") = "CodeFirst", "CodeFirst", "{F63DF6BE-95D1-4D99-91E5-32D1B2593D2E}"
EndProject
Project("{9A19103F-16F7-4668-BE54-9A1E7A4F7556}") = "Beaker.CrmSdk.Composition", "Beaker.CrmSdk.Composition\Beaker.CrmSdk.Composition.csproj", "{F493940E-E5A2-4F95-B1DA-B2D641B7FEDF}"
EndProject
Project("{9A19103F-16F7-4668-BE54-9A1E7A4F7556}") = "Beaker.CrmSdk.Composition.Specs", "Beaker.CrmSdk.Composition.Specs\Beaker.CrmSdk.Composition.Specs.csproj", "{7B716BAE-4707-424D-ACD5-4BD33F900181}"
EndProject
Project("{9A19103F-16F7-4668-BE54-9A1E7A4F7556}") = "Beaker.CrmSdk.CodeFirst.SmokeTest", "Beaker.CrmSdk.CodeFirst.SmokeTest\Beaker.CrmSdk.CodeFirst.SmokeTest.csproj", "{D5BD79D9-FF05-4C11-AFD8-7F9CBC40A2C1}"
	ProjectSection(ProjectDependencies) = postProject
		{2FD936C0-72EA-4128-9600-4864BDDBDC29} = {2FD936C0-72EA-4128-9600-4864BDDBDC29}
	EndProjectSection
EndProject
Project("{9A19103F-16F7-4668-BE54-9A1E7A4F7556}") = "Beaker.CrmSdk.CodeFirst.SmokeTest.Tests", "Beaker.CrmSdk.CodeFirst.SmokeTest.Tests\Beaker.CrmSdk.CodeFirst.SmokeTest.Tests.csproj", "{2332CCC9-6E64-4463-9A3C-B60AD8C66934}"
EndProject
Project("{9A19103F-16F7-4668-BE54-9A1E7A4F7556}") = "Beaker.CrmSdk.Sandbox", "Beaker.CrmSdk.Sandbox\Beaker.CrmSdk.Sandbox.csproj", "{8AAB4E2B-A72F-4E78-AF98-6CBEC69FC3B7}"
EndProject
Project("{9A19103F-16F7-4668-BE54-9A1E7A4F7556}") = "Beaker.CrmSdk.CodeFirst.Specs", "Beaker.CrmSdk.CodeFirst.Specs\Beaker.CrmSdk.CodeFirst.Specs.csproj", "{C90FF5DD-7DE0-437A-8525-6B86FA16F2F8}"
EndProject
Project("{9A19103F-16F7-4668-BE54-9A1E7A4F7556}") = "Beaker.CrmSdk.Composition.SmokeTest", "Beaker.CrmSdk.Composition.SmokeTest\Beaker.CrmSdk.Composition.SmokeTest.csproj", "{997F91A7-0778-4234-BB4D-BE5565FC450E}"
	ProjectSection(ProjectDependencies) = postProject
		{785F8D06-8A24-48B2-BB29-9C792019FC46} = {785F8D06-8A24-48B2-BB29-9C792019FC46}
		{2FD936C0-72EA-4128-9600-4864BDDBDC29} = {2FD936C0-72EA-4128-9600-4864BDDBDC29}
	EndProjectSection
EndProject
Project("{2150E333-8FDC-42A3-9474-1A3956D46DE8}") = "Composition", "Composition", "{15AA74D2-A759-41AE-930A-B56A3A433853}"
EndProject
Project("{9A19103F-16F7-4668-BE54-9A1E7A4F7556}") = "Beaker.CrmSdk.Solution.Build", "Beaker.CrmSdk.Solution.Build\Beaker.CrmSdk.Solution.Build.csproj", "{7FC2E5AD-0DAF-4064-AF7C-4CD040D28CAD}"
EndProject
Project("{2150E333-8FDC-42A3-9474-1A3956D46DE8}") = "Solution", "Solution", "{618BFD02-DB09-4BA5-9AAC-9E06B835B80F}"
EndProject
Project("{9A19103F-16F7-4668-BE54-9A1E7A4F7556}") = "Beaker.CrmSdk.Solution.SmokeTest", "Beaker.CrmSdk.Solution.SmokeTest\Beaker.CrmSdk.Solution.SmokeTest.csproj", "{27060869-4B36-4425-8C73-15DFAACDB9BA}"
EndProject
Project("{9A19103F-16F7-4668-BE54-9A1E7A4F7556}") = "Beaker.CrmSdk.CodeFirst", "Beaker.CrmSdk.CodeFirst\Beaker.CrmSdk.CodeFirst.csproj", "{785F8D06-8A24-48B2-BB29-9C792019FC46}"
	ProjectSection(ProjectDependencies) = postProject
		{2FD936C0-72EA-4128-9600-4864BDDBDC29} = {2FD936C0-72EA-4128-9600-4864BDDBDC29}
	EndProjectSection
EndProject
Project("{9A19103F-16F7-4668-BE54-9A1E7A4F7556}") = "Beaker.CrmSdk.CodeFirst.Fody", "Beaker.CrmSdk.CodeFirst.Fody\Beaker.CrmSdk.CodeFirst.Fody.csproj", "{2FD936C0-72EA-4128-9600-4864BDDBDC29}"
EndProject
Global
	GlobalSection(SolutionConfigurationPlatforms) = preSolution
		Debug|Any CPU = Debug|Any CPU
		Debug|x64 = Debug|x64
		Debug|x86 = Debug|x86
		Release|Any CPU = Release|Any CPU
		Release|x64 = Release|x64
		Release|x86 = Release|x86
	EndGlobalSection
	GlobalSection(ProjectConfigurationPlatforms) = postSolution
		{F493940E-E5A2-4F95-B1DA-B2D641B7FEDF}.Debug|Any CPU.ActiveCfg = Debug|Any CPU
		{F493940E-E5A2-4F95-B1DA-B2D641B7FEDF}.Debug|Any CPU.Build.0 = Debug|Any CPU
		{F493940E-E5A2-4F95-B1DA-B2D641B7FEDF}.Debug|x64.ActiveCfg = Debug|Any CPU
		{F493940E-E5A2-4F95-B1DA-B2D641B7FEDF}.Debug|x64.Build.0 = Debug|Any CPU
		{F493940E-E5A2-4F95-B1DA-B2D641B7FEDF}.Debug|x86.ActiveCfg = Debug|Any CPU
		{F493940E-E5A2-4F95-B1DA-B2D641B7FEDF}.Debug|x86.Build.0 = Debug|Any CPU
		{F493940E-E5A2-4F95-B1DA-B2D641B7FEDF}.Release|Any CPU.ActiveCfg = Release|Any CPU
		{F493940E-E5A2-4F95-B1DA-B2D641B7FEDF}.Release|Any CPU.Build.0 = Release|Any CPU
		{F493940E-E5A2-4F95-B1DA-B2D641B7FEDF}.Release|x64.ActiveCfg = Release|Any CPU
		{F493940E-E5A2-4F95-B1DA-B2D641B7FEDF}.Release|x64.Build.0 = Release|Any CPU
		{F493940E-E5A2-4F95-B1DA-B2D641B7FEDF}.Release|x86.ActiveCfg = Release|Any CPU
		{F493940E-E5A2-4F95-B1DA-B2D641B7FEDF}.Release|x86.Build.0 = Release|Any CPU
		{7B716BAE-4707-424D-ACD5-4BD33F900181}.Debug|Any CPU.ActiveCfg = Debug|Any CPU
		{7B716BAE-4707-424D-ACD5-4BD33F900181}.Debug|Any CPU.Build.0 = Debug|Any CPU
		{7B716BAE-4707-424D-ACD5-4BD33F900181}.Debug|x64.ActiveCfg = Debug|Any CPU
		{7B716BAE-4707-424D-ACD5-4BD33F900181}.Debug|x64.Build.0 = Debug|Any CPU
		{7B716BAE-4707-424D-ACD5-4BD33F900181}.Debug|x86.ActiveCfg = Debug|Any CPU
		{7B716BAE-4707-424D-ACD5-4BD33F900181}.Debug|x86.Build.0 = Debug|Any CPU
		{7B716BAE-4707-424D-ACD5-4BD33F900181}.Release|Any CPU.ActiveCfg = Release|Any CPU
		{7B716BAE-4707-424D-ACD5-4BD33F900181}.Release|Any CPU.Build.0 = Release|Any CPU
		{7B716BAE-4707-424D-ACD5-4BD33F900181}.Release|x64.ActiveCfg = Release|Any CPU
		{7B716BAE-4707-424D-ACD5-4BD33F900181}.Release|x64.Build.0 = Release|Any CPU
		{7B716BAE-4707-424D-ACD5-4BD33F900181}.Release|x86.ActiveCfg = Release|Any CPU
		{7B716BAE-4707-424D-ACD5-4BD33F900181}.Release|x86.Build.0 = Release|Any CPU
		{D5BD79D9-FF05-4C11-AFD8-7F9CBC40A2C1}.Debug|Any CPU.ActiveCfg = Debug|Any CPU
		{D5BD79D9-FF05-4C11-AFD8-7F9CBC40A2C1}.Debug|Any CPU.Build.0 = Debug|Any CPU
		{D5BD79D9-FF05-4C11-AFD8-7F9CBC40A2C1}.Debug|x64.ActiveCfg = Debug|Any CPU
		{D5BD79D9-FF05-4C11-AFD8-7F9CBC40A2C1}.Debug|x64.Build.0 = Debug|Any CPU
		{D5BD79D9-FF05-4C11-AFD8-7F9CBC40A2C1}.Debug|x86.ActiveCfg = Debug|Any CPU
		{D5BD79D9-FF05-4C11-AFD8-7F9CBC40A2C1}.Debug|x86.Build.0 = Debug|Any CPU
		{D5BD79D9-FF05-4C11-AFD8-7F9CBC40A2C1}.Release|Any CPU.ActiveCfg = Release|Any CPU
		{D5BD79D9-FF05-4C11-AFD8-7F9CBC40A2C1}.Release|Any CPU.Build.0 = Release|Any CPU
		{D5BD79D9-FF05-4C11-AFD8-7F9CBC40A2C1}.Release|x64.ActiveCfg = Release|Any CPU
		{D5BD79D9-FF05-4C11-AFD8-7F9CBC40A2C1}.Release|x64.Build.0 = Release|Any CPU
		{D5BD79D9-FF05-4C11-AFD8-7F9CBC40A2C1}.Release|x86.ActiveCfg = Release|Any CPU
		{D5BD79D9-FF05-4C11-AFD8-7F9CBC40A2C1}.Release|x86.Build.0 = Release|Any CPU
		{2332CCC9-6E64-4463-9A3C-B60AD8C66934}.Debug|Any CPU.ActiveCfg = Debug|Any CPU
		{2332CCC9-6E64-4463-9A3C-B60AD8C66934}.Debug|Any CPU.Build.0 = Debug|Any CPU
		{2332CCC9-6E64-4463-9A3C-B60AD8C66934}.Debug|x64.ActiveCfg = Debug|Any CPU
		{2332CCC9-6E64-4463-9A3C-B60AD8C66934}.Debug|x64.Build.0 = Debug|Any CPU
		{2332CCC9-6E64-4463-9A3C-B60AD8C66934}.Debug|x86.ActiveCfg = Debug|Any CPU
		{2332CCC9-6E64-4463-9A3C-B60AD8C66934}.Debug|x86.Build.0 = Debug|Any CPU
		{2332CCC9-6E64-4463-9A3C-B60AD8C66934}.Release|Any CPU.ActiveCfg = Release|Any CPU
		{2332CCC9-6E64-4463-9A3C-B60AD8C66934}.Release|Any CPU.Build.0 = Release|Any CPU
		{2332CCC9-6E64-4463-9A3C-B60AD8C66934}.Release|x64.ActiveCfg = Release|Any CPU
		{2332CCC9-6E64-4463-9A3C-B60AD8C66934}.Release|x64.Build.0 = Release|Any CPU
		{2332CCC9-6E64-4463-9A3C-B60AD8C66934}.Release|x86.ActiveCfg = Release|Any CPU
		{2332CCC9-6E64-4463-9A3C-B60AD8C66934}.Release|x86.Build.0 = Release|Any CPU
		{8AAB4E2B-A72F-4E78-AF98-6CBEC69FC3B7}.Debug|Any CPU.ActiveCfg = Debug|Any CPU
		{8AAB4E2B-A72F-4E78-AF98-6CBEC69FC3B7}.Debug|Any CPU.Build.0 = Debug|Any CPU
		{8AAB4E2B-A72F-4E78-AF98-6CBEC69FC3B7}.Debug|x64.ActiveCfg = Debug|Any CPU
		{8AAB4E2B-A72F-4E78-AF98-6CBEC69FC3B7}.Debug|x64.Build.0 = Debug|Any CPU
		{8AAB4E2B-A72F-4E78-AF98-6CBEC69FC3B7}.Debug|x86.ActiveCfg = Debug|Any CPU
		{8AAB4E2B-A72F-4E78-AF98-6CBEC69FC3B7}.Debug|x86.Build.0 = Debug|Any CPU
		{8AAB4E2B-A72F-4E78-AF98-6CBEC69FC3B7}.Release|Any CPU.ActiveCfg = Release|Any CPU
		{8AAB4E2B-A72F-4E78-AF98-6CBEC69FC3B7}.Release|Any CPU.Build.0 = Release|Any CPU
		{8AAB4E2B-A72F-4E78-AF98-6CBEC69FC3B7}.Release|x64.ActiveCfg = Release|Any CPU
		{8AAB4E2B-A72F-4E78-AF98-6CBEC69FC3B7}.Release|x64.Build.0 = Release|Any CPU
		{8AAB4E2B-A72F-4E78-AF98-6CBEC69FC3B7}.Release|x86.ActiveCfg = Release|Any CPU
		{8AAB4E2B-A72F-4E78-AF98-6CBEC69FC3B7}.Release|x86.Build.0 = Release|Any CPU
		{C90FF5DD-7DE0-437A-8525-6B86FA16F2F8}.Debug|Any CPU.ActiveCfg = Debug|Any CPU
		{C90FF5DD-7DE0-437A-8525-6B86FA16F2F8}.Debug|Any CPU.Build.0 = Debug|Any CPU
		{C90FF5DD-7DE0-437A-8525-6B86FA16F2F8}.Debug|x64.ActiveCfg = Debug|Any CPU
		{C90FF5DD-7DE0-437A-8525-6B86FA16F2F8}.Debug|x64.Build.0 = Debug|Any CPU
		{C90FF5DD-7DE0-437A-8525-6B86FA16F2F8}.Debug|x86.ActiveCfg = Debug|Any CPU
		{C90FF5DD-7DE0-437A-8525-6B86FA16F2F8}.Debug|x86.Build.0 = Debug|Any CPU
		{C90FF5DD-7DE0-437A-8525-6B86FA16F2F8}.Release|Any CPU.ActiveCfg = Release|Any CPU
		{C90FF5DD-7DE0-437A-8525-6B86FA16F2F8}.Release|Any CPU.Build.0 = Release|Any CPU
		{C90FF5DD-7DE0-437A-8525-6B86FA16F2F8}.Release|x64.ActiveCfg = Release|Any CPU
		{C90FF5DD-7DE0-437A-8525-6B86FA16F2F8}.Release|x64.Build.0 = Release|Any CPU
		{C90FF5DD-7DE0-437A-8525-6B86FA16F2F8}.Release|x86.ActiveCfg = Release|Any CPU
		{C90FF5DD-7DE0-437A-8525-6B86FA16F2F8}.Release|x86.Build.0 = Release|Any CPU
		{997F91A7-0778-4234-BB4D-BE5565FC450E}.Debug|Any CPU.ActiveCfg = Debug|Any CPU
		{997F91A7-0778-4234-BB4D-BE5565FC450E}.Debug|Any CPU.Build.0 = Debug|Any CPU
		{997F91A7-0778-4234-BB4D-BE5565FC450E}.Debug|x64.ActiveCfg = Debug|Any CPU
		{997F91A7-0778-4234-BB4D-BE5565FC450E}.Debug|x64.Build.0 = Debug|Any CPU
		{997F91A7-0778-4234-BB4D-BE5565FC450E}.Debug|x86.ActiveCfg = Debug|Any CPU
		{997F91A7-0778-4234-BB4D-BE5565FC450E}.Debug|x86.Build.0 = Debug|Any CPU
		{997F91A7-0778-4234-BB4D-BE5565FC450E}.Release|Any CPU.ActiveCfg = Release|Any CPU
		{997F91A7-0778-4234-BB4D-BE5565FC450E}.Release|Any CPU.Build.0 = Release|Any CPU
		{997F91A7-0778-4234-BB4D-BE5565FC450E}.Release|x64.ActiveCfg = Release|Any CPU
		{997F91A7-0778-4234-BB4D-BE5565FC450E}.Release|x64.Build.0 = Release|Any CPU
		{997F91A7-0778-4234-BB4D-BE5565FC450E}.Release|x86.ActiveCfg = Release|Any CPU
		{997F91A7-0778-4234-BB4D-BE5565FC450E}.Release|x86.Build.0 = Release|Any CPU
		{7FC2E5AD-0DAF-4064-AF7C-4CD040D28CAD}.Debug|Any CPU.ActiveCfg = Debug|Any CPU
		{7FC2E5AD-0DAF-4064-AF7C-4CD040D28CAD}.Debug|Any CPU.Build.0 = Debug|Any CPU
		{7FC2E5AD-0DAF-4064-AF7C-4CD040D28CAD}.Debug|x64.ActiveCfg = Debug|Any CPU
		{7FC2E5AD-0DAF-4064-AF7C-4CD040D28CAD}.Debug|x64.Build.0 = Debug|Any CPU
		{7FC2E5AD-0DAF-4064-AF7C-4CD040D28CAD}.Debug|x86.ActiveCfg = Debug|Any CPU
		{7FC2E5AD-0DAF-4064-AF7C-4CD040D28CAD}.Debug|x86.Build.0 = Debug|Any CPU
		{7FC2E5AD-0DAF-4064-AF7C-4CD040D28CAD}.Release|Any CPU.ActiveCfg = Release|Any CPU
		{7FC2E5AD-0DAF-4064-AF7C-4CD040D28CAD}.Release|Any CPU.Build.0 = Release|Any CPU
		{7FC2E5AD-0DAF-4064-AF7C-4CD040D28CAD}.Release|x64.ActiveCfg = Release|Any CPU
		{7FC2E5AD-0DAF-4064-AF7C-4CD040D28CAD}.Release|x64.Build.0 = Release|Any CPU
		{7FC2E5AD-0DAF-4064-AF7C-4CD040D28CAD}.Release|x86.ActiveCfg = Release|Any CPU
		{7FC2E5AD-0DAF-4064-AF7C-4CD040D28CAD}.Release|x86.Build.0 = Release|Any CPU
		{27060869-4B36-4425-8C73-15DFAACDB9BA}.Debug|Any CPU.ActiveCfg = Debug|Any CPU
		{27060869-4B36-4425-8C73-15DFAACDB9BA}.Debug|Any CPU.Build.0 = Debug|Any CPU
		{27060869-4B36-4425-8C73-15DFAACDB9BA}.Debug|x64.ActiveCfg = Debug|Any CPU
		{27060869-4B36-4425-8C73-15DFAACDB9BA}.Debug|x64.Build.0 = Debug|Any CPU
		{27060869-4B36-4425-8C73-15DFAACDB9BA}.Debug|x86.ActiveCfg = Debug|Any CPU
		{27060869-4B36-4425-8C73-15DFAACDB9BA}.Debug|x86.Build.0 = Debug|Any CPU
		{27060869-4B36-4425-8C73-15DFAACDB9BA}.Release|Any CPU.ActiveCfg = Release|Any CPU
		{27060869-4B36-4425-8C73-15DFAACDB9BA}.Release|Any CPU.Build.0 = Release|Any CPU
		{27060869-4B36-4425-8C73-15DFAACDB9BA}.Release|x64.ActiveCfg = Release|Any CPU
		{27060869-4B36-4425-8C73-15DFAACDB9BA}.Release|x64.Build.0 = Release|Any CPU
		{27060869-4B36-4425-8C73-15DFAACDB9BA}.Release|x86.ActiveCfg = Release|Any CPU
		{27060869-4B36-4425-8C73-15DFAACDB9BA}.Release|x86.Build.0 = Release|Any CPU
		{785F8D06-8A24-48B2-BB29-9C792019FC46}.Debug|Any CPU.ActiveCfg = Debug|Any CPU
		{785F8D06-8A24-48B2-BB29-9C792019FC46}.Debug|Any CPU.Build.0 = Debug|Any CPU
		{785F8D06-8A24-48B2-BB29-9C792019FC46}.Debug|x64.ActiveCfg = Debug|Any CPU
		{785F8D06-8A24-48B2-BB29-9C792019FC46}.Debug|x64.Build.0 = Debug|Any CPU
		{785F8D06-8A24-48B2-BB29-9C792019FC46}.Debug|x86.ActiveCfg = Debug|Any CPU
		{785F8D06-8A24-48B2-BB29-9C792019FC46}.Debug|x86.Build.0 = Debug|Any CPU
		{785F8D06-8A24-48B2-BB29-9C792019FC46}.Release|Any CPU.ActiveCfg = Release|Any CPU
		{785F8D06-8A24-48B2-BB29-9C792019FC46}.Release|Any CPU.Build.0 = Release|Any CPU
		{785F8D06-8A24-48B2-BB29-9C792019FC46}.Release|x64.ActiveCfg = Release|Any CPU
		{785F8D06-8A24-48B2-BB29-9C792019FC46}.Release|x64.Build.0 = Release|Any CPU
		{785F8D06-8A24-48B2-BB29-9C792019FC46}.Release|x86.ActiveCfg = Release|Any CPU
		{785F8D06-8A24-48B2-BB29-9C792019FC46}.Release|x86.Build.0 = Release|Any CPU
		{2FD936C0-72EA-4128-9600-4864BDDBDC29}.Debug|Any CPU.ActiveCfg = Debug|Any CPU
		{2FD936C0-72EA-4128-9600-4864BDDBDC29}.Debug|Any CPU.Build.0 = Debug|Any CPU
		{2FD936C0-72EA-4128-9600-4864BDDBDC29}.Debug|x64.ActiveCfg = Debug|Any CPU
		{2FD936C0-72EA-4128-9600-4864BDDBDC29}.Debug|x64.Build.0 = Debug|Any CPU
		{2FD936C0-72EA-4128-9600-4864BDDBDC29}.Debug|x86.ActiveCfg = Debug|Any CPU
		{2FD936C0-72EA-4128-9600-4864BDDBDC29}.Debug|x86.Build.0 = Debug|Any CPU
		{2FD936C0-72EA-4128-9600-4864BDDBDC29}.Release|Any CPU.ActiveCfg = Release|Any CPU
		{2FD936C0-72EA-4128-9600-4864BDDBDC29}.Release|Any CPU.Build.0 = Release|Any CPU
		{2FD936C0-72EA-4128-9600-4864BDDBDC29}.Release|x64.ActiveCfg = Release|Any CPU
		{2FD936C0-72EA-4128-9600-4864BDDBDC29}.Release|x64.Build.0 = Release|Any CPU
		{2FD936C0-72EA-4128-9600-4864BDDBDC29}.Release|x86.ActiveCfg = Release|Any CPU
		{2FD936C0-72EA-4128-9600-4864BDDBDC29}.Release|x86.Build.0 = Release|Any CPU
	EndGlobalSection
	GlobalSection(SolutionProperties) = preSolution
		HideSolutionNode = FALSE
	EndGlobalSection
	GlobalSection(NestedProjects) = preSolution
		{F493940E-E5A2-4F95-B1DA-B2D641B7FEDF} = {15AA74D2-A759-41AE-930A-B56A3A433853}
		{7B716BAE-4707-424D-ACD5-4BD33F900181} = {15AA74D2-A759-41AE-930A-B56A3A433853}
		{D5BD79D9-FF05-4C11-AFD8-7F9CBC40A2C1} = {F63DF6BE-95D1-4D99-91E5-32D1B2593D2E}
		{2332CCC9-6E64-4463-9A3C-B60AD8C66934} = {F63DF6BE-95D1-4D99-91E5-32D1B2593D2E}
		{C90FF5DD-7DE0-437A-8525-6B86FA16F2F8} = {F63DF6BE-95D1-4D99-91E5-32D1B2593D2E}
		{997F91A7-0778-4234-BB4D-BE5565FC450E} = {15AA74D2-A759-41AE-930A-B56A3A433853}
		{7FC2E5AD-0DAF-4064-AF7C-4CD040D28CAD} = {618BFD02-DB09-4BA5-9AAC-9E06B835B80F}
		{27060869-4B36-4425-8C73-15DFAACDB9BA} = {618BFD02-DB09-4BA5-9AAC-9E06B835B80F}
		{785F8D06-8A24-48B2-BB29-9C792019FC46} = {F63DF6BE-95D1-4D99-91E5-32D1B2593D2E}
		{2FD936C0-72EA-4128-9600-4864BDDBDC29} = {F63DF6BE-95D1-4D99-91E5-32D1B2593D2E}
	EndGlobalSection
	GlobalSection(ExtensibilityGlobals) = postSolution
		SolutionGuid = {1D2AB257-9B31-4469-ACB3-AB0020C89F68}
	EndGlobalSection
EndGlobal
